<Solution>

  <Folder Name="/docs/">
    <File Path="docs/LINK_Architecture.md" />
  </Folder>

  <Folder Name="/src/">
    <Project Path="src/LINK.Client/LINK.Client.csproj" />
    <Project Path="src/LINK.Core/LINK.Core.csproj" />
    <Project Path="src/LINK.Transport.Serial/LINK.Transport.Serial.csproj" />
    <Project Path="src/LINK.Transport.Tcp/LINK.Transport.Tcp.csproj" />
  </Folder>

  <Folder Name="/examples/">

    <Folder Name="/examples/LINK.Example.Console.Basic/">
      <Project Path="examples/LINK.Example.Console.Basic/LINK.Example.Console.Basic.csproj" />
    </Folder>

    <Folder Name="/examples/LINK.Example.Console.Discovery/">
      <Project Path="examples/LINK.Example.Console.Discovery/LINK.Example.Console.Discovery.csproj" />
    </Folder>

    <Folder Name="/examples/LINK.Example.Console.Security/">
      <Project Path="examples/LINK.Example.Console.Security/LINK.Example.Console.Security.csproj" />
    </Folder>

    <Folder Name="/examples/LINK.Example.WPF.Discovery/">
      <Project Path="examples/LINK.Example.WPF.Discovery/LINK.Example.WPF.Discovery.csproj" />
    </Folder>

    <Folder Name="/examples/LINK.Example.Console.Tcp/">
      <Project Path="examples/LINK.Example.Console.Tcp/LINK.Example.Console.Tcp.csproj" />
    </Folder>

    <Folder Name="/examples/LINK.Example.WinUI.Discovery/">
      <Project Path="examples/LINK.Example.WinUI.Discovery/LINK.Example.WinUI.Discovery.csproj">
        <Platform Project="x64" />
        <Deploy />
      </Project>
    </Folder>
    <Project Path="examples/LINK.Example.Console.Tcp/LINK.Example.Console.Tcp.csproj" />
    <Project Path="examples/LINK.Example.Console.Basic/LINK.Example.Console.Basic.csproj" />
    <Project Path="examples/LINK.Example.Console.Discovery/LINK.Example.Console.Discovery.csproj" />
    <Project Path="examples/LINK.Example.Console.Security/LINK.Example.Console.Security.csproj" />
    <Project Path="examples/LINK.Example.WinUI.Discovery/LINK.Example.WinUI.Discovery.csproj">
      <Platform Project="x64" />
      <Deploy />
    </Project>
    <Project Path="examples/LINK.Example.WPF.Discovery/LINK.Example.WPF.Discovery.csproj" />

  </Folder>

  <Folder Name="/tests/">
    <Project Path="tests/LINK.Client.Tests/LINK.Client.Tests.csproj" />
    <Project Path="tests/LINK.Core.Tests/LINK.Core.Tests.csproj" />
    <Project Path="tests/LINK.Transport.Tcp.Tests/LINK.Transport.Tcp.Tests.csproj" />
  </Folder>

  <Folder Name="/Éléments de solution/">
    <File Path="LICENSE" />
    <File Path="README.md" />
  </Folder>

</Solution>
